
Microsoft Visual Studio Solution File, Format Version 11.00
# Visual Studio 2010
Project("{FAE04EC0-301F-11D3-BF4B-00C04F79EFBC}") = "PIMVC", "PIMVC\PIMVC.csproj", "{EA8FC94A-DA81-4826-83AC-BFD1F52B5EE4}"
EndProject
Project("{FAE04EC0-301F-11D3-BF4B-00C04F79EFBC}") = "PILib", "PILib\PILib.csproj", "{16875CE6-7D51-41B6-9BC6-1D299C6C6D4C}"
EndProject
Project("{FAE04EC0-301F-11D3-BF4B-00C04F79EFBC}") = "SilverChart", "SilverChart\SilverChart.csproj", "{28B681E8-6293-4B7D-85E4-6E0E7BEB4857}"
	ProjectSection(ProjectDependencies) = postProject
		{EA8FC94A-DA81-4826-83AC-BFD1F52B5EE4} = {EA8FC94A-DA81-4826-83AC-BFD1F52B5EE4}
		{EA8FC94A-DA81-4826-83AC-BFD1F52B5EE4} = {EA8FC94A-DA81-4826-83AC-BFD1F52B5EE4}
	EndProjectSection
EndProject
Project("{FAE04EC0-301F-11D3-BF4B-00C04F79EFBC}") = "Utils", "Utils\Utils.csproj", "{93D8AE42-A40D-4FA9-9195-1C760091907A}"
EndProject
Global
	GlobalSection(SolutionConfigurationPlatforms) = preSolution
		Debug|Any CPU = Debug|Any CPU
		Debug|Mixed Platforms = Debug|Mixed Platforms
		Debug|x86 = Debug|x86
		Release|Any CPU = Release|Any CPU
		Release|Mixed Platforms = Release|Mixed Platforms
		Release|x86 = Release|x86
	EndGlobalSection
	GlobalSection(ProjectConfigurationPlatforms) = postSolution
		{EA8FC94A-DA81-4826-83AC-BFD1F52B5EE4}.Debug|Any CPU.ActiveCfg = Debug|Any CPU
		{EA8FC94A-DA81-4826-83AC-BFD1F52B5EE4}.Debug|Any CPU.Build.0 = Debug|Any CPU
		{EA8FC94A-DA81-4826-83AC-BFD1F52B5EE4}.Debug|Mixed Platforms.ActiveCfg = Debug|Any CPU
		{EA8FC94A-DA81-4826-83AC-BFD1F52B5EE4}.Debug|Mixed Platforms.Build.0 = Debug|Any CPU
		{EA8FC94A-DA81-4826-83AC-BFD1F52B5EE4}.Debug|x86.ActiveCfg = Debug|Any CPU
		{EA8FC94A-DA81-4826-83AC-BFD1F52B5EE4}.Release|Any CPU.ActiveCfg = Release|Any CPU
		{EA8FC94A-DA81-4826-83AC-BFD1F52B5EE4}.Release|Any CPU.Build.0 = Release|Any CPU
		{EA8FC94A-DA81-4826-83AC-BFD1F52B5EE4}.Release|Mixed Platforms.ActiveCfg = Release|Any CPU
		{EA8FC94A-DA81-4826-83AC-BFD1F52B5EE4}.Release|Mixed Platforms.Build.0 = Release|Any CPU
		{EA8FC94A-DA81-4826-83AC-BFD1F52B5EE4}.Release|x86.ActiveCfg = Release|Any CPU
		{16875CE6-7D51-41B6-9BC6-1D299C6C6D4C}.Debug|Any CPU.ActiveCfg = Debug|Any CPU
		{16875CE6-7D51-41B6-9BC6-1D299C6C6D4C}.Debug|Any CPU.Build.0 = Debug|Any CPU
		{16875CE6-7D51-41B6-9BC6-1D299C6C6D4C}.Debug|Mixed Platforms.ActiveCfg = Debug|Any CPU
		{16875CE6-7D51-41B6-9BC6-1D299C6C6D4C}.Debug|Mixed Platforms.Build.0 = Debug|Any CPU
		{16875CE6-7D51-41B6-9BC6-1D299C6C6D4C}.Debug|x86.ActiveCfg = Debug|Any CPU
		{16875CE6-7D51-41B6-9BC6-1D299C6C6D4C}.Release|Any CPU.ActiveCfg = Release|Any CPU
		{16875CE6-7D51-41B6-9BC6-1D299C6C6D4C}.Release|Any CPU.Build.0 = Release|Any CPU
		{16875CE6-7D51-41B6-9BC6-1D299C6C6D4C}.Release|Mixed Platforms.ActiveCfg = Release|Any CPU
		{16875CE6-7D51-41B6-9BC6-1D299C6C6D4C}.Release|Mixed Platforms.Build.0 = Release|Any CPU
		{16875CE6-7D51-41B6-9BC6-1D299C6C6D4C}.Release|x86.ActiveCfg = Release|Any CPU
		{28B681E8-6293-4B7D-85E4-6E0E7BEB4857}.Debug|Any CPU.ActiveCfg = Debug|Any CPU
		{28B681E8-6293-4B7D-85E4-6E0E7BEB4857}.Debug|Any CPU.Build.0 = Debug|Any CPU
		{28B681E8-6293-4B7D-85E4-6E0E7BEB4857}.Debug|Mixed Platforms.ActiveCfg = Debug|Any CPU
		{28B681E8-6293-4B7D-85E4-6E0E7BEB4857}.Debug|Mixed Platforms.Build.0 = Debug|Any CPU
		{28B681E8-6293-4B7D-85E4-6E0E7BEB4857}.Debug|x86.ActiveCfg = Debug|Any CPU
		{28B681E8-6293-4B7D-85E4-6E0E7BEB4857}.Release|Any CPU.ActiveCfg = Release|Any CPU
		{28B681E8-6293-4B7D-85E4-6E0E7BEB4857}.Release|Any CPU.Build.0 = Release|Any CPU
		{28B681E8-6293-4B7D-85E4-6E0E7BEB4857}.Release|Mixed Platforms.ActiveCfg = Release|Any CPU
		{28B681E8-6293-4B7D-85E4-6E0E7BEB4857}.Release|Mixed Platforms.Build.0 = Release|Any CPU
		{28B681E8-6293-4B7D-85E4-6E0E7BEB4857}.Release|x86.ActiveCfg = Release|Any CPU
		{93D8AE42-A40D-4FA9-9195-1C760091907A}.Debug|Any CPU.ActiveCfg = Debug|x86
		{93D8AE42-A40D-4FA9-9195-1C760091907A}.Debug|Mixed Platforms.ActiveCfg = Debug|x86
		{93D8AE42-A40D-4FA9-9195-1C760091907A}.Debug|Mixed Platforms.Build.0 = Debug|x86
		{93D8AE42-A40D-4FA9-9195-1C760091907A}.Debug|x86.ActiveCfg = Debug|x86
		{93D8AE42-A40D-4FA9-9195-1C760091907A}.Debug|x86.Build.0 = Debug|x86
		{93D8AE42-A40D-4FA9-9195-1C760091907A}.Release|Any CPU.ActiveCfg = Release|x86
		{93D8AE42-A40D-4FA9-9195-1C760091907A}.Release|Mixed Platforms.ActiveCfg = Release|x86
		{93D8AE42-A40D-4FA9-9195-1C760091907A}.Release|Mixed Platforms.Build.0 = Release|x86
		{93D8AE42-A40D-4FA9-9195-1C760091907A}.Release|x86.ActiveCfg = Release|x86
		{93D8AE42-A40D-4FA9-9195-1C760091907A}.Release|x86.Build.0 = Release|x86
	EndGlobalSection
	GlobalSection(SolutionProperties) = preSolution
		HideSolutionNode = FALSE
	EndGlobalSection
EndGlobal
